// !$*UTF8*$!
{
	archiveVersion = 1;
	classes = {
	};
	objectVersion = 56;
	objects = {

/* Begin PBXBuildFile section */
		125B0B7929CC8F7F00C6960D /* AppDelegate.swift in Sources */ = {isa = PBXBuildFile; fileRef = 125B0B7829CC8F7F00C6960D /* AppDelegate.swift */; };
		125B0B7B29CC8F7F00C6960D /* SceneDelegate.swift in Sources */ = {isa = PBXBuildFile; fileRef = 125B0B7A29CC8F7F00C6960D /* SceneDelegate.swift */; };
		125B0B7D29CC8F7F00C6960D /* ViewController.swift in Sources */ = {isa = PBXBuildFile; fileRef = 125B0B7C29CC8F7F00C6960D /* ViewController.swift */; };
		125B0B8029CC8F7F00C6960D /* Main.storyboard in Resources */ = {isa = PBXBuildFile; fileRef = 125B0B7E29CC8F7F00C6960D /* Main.storyboard */; };
		125B0B8229CC8F8100C6960D /* Assets.xcassets in Resources */ = {isa = PBXBuildFile; fileRef = 125B0B8129CC8F8100C6960D /* Assets.xcassets */; };
		125B0B8529CC8F8100C6960D /* LaunchScreen.storyboard in Resources */ = {isa = PBXBuildFile; fileRef = 125B0B8329CC8F8100C6960D /* LaunchScreen.storyboard */; };
		12FCC6B729D1F36E00BC3E5B /* Task.swift in Sources */ = {isa = PBXBuildFile; fileRef = 12FCC6B629D1F36E00BC3E5B /* Task.swift */; };
/* End PBXBuildFile section */

/* Begin PBXFileReference section */
		125B0B7529CC8F7F00C6960D /* TodoList_SDY.app */ = {isa = PBXFileReference; explicitFileType = wrapper.application; includeInIndex = 0; path = TodoList_SDY.app; sourceTree = BUILT_PRODUCTS_DIR; };
		125B0B7829CC8F7F00C6960D /* AppDelegate.swift */ = {isa = PBXFileReference; lastKnownFileType = sourcecode.swift; path = AppDelegate.swift; sourceTree = "<group>"; };
		125B0B7A29CC8F7F00C6960D /* SceneDelegate.swift */ = {isa = PBXFileReference; lastKnownFileType = sourcecode.swift; path = SceneDelegate.swift; sourceTree = "<group>"; };
		125B0B7C29CC8F7F00C6960D /* ViewController.swift */ = {isa = PBXFileReference; lastKnownFileType = sourcecode.swift; path = ViewController.swift; sourceTree = "<group>"; };
		125B0B7F29CC8F7F00C6960D /* Base */ = {isa = PBXFileReference; lastKnownFileType = file.storyboard; name = Base; path = Base.lproj/Main.storyboard; sourceTree = "<group>"; };
		125B0B8129CC8F8100C6960D /* Assets.xcassets */ = {isa = PBXFileReference; lastKnownFileType = folder.assetcatalog; path = Assets.xcassets; sourceTree = "<group>"; };
		125B0B8429CC8F8100C6960D /* Base */ = {isa = PBXFileReference; lastKnownFileType = file.storyboard; name = Base; path = Base.lproj/LaunchScreen.storyboard; sourceTree = "<group>"; };
		125B0B8629CC8F8100C6960D /* Info.plist */ = {isa = PBXFileReference; lastKnownFileType = text.plist.xml; path = Info.plist; sourceTree = "<group>"; };
		12FCC6B629D1F36E00BC3E5B /* Task.swift */ = {isa = PBXFileReference; lastKnownFileType = sourcecode.swift; path = Task.swift; sourceTree = "<group>"; };
/* End PBXFileReference section */

/* Begin PBXFrameworksBuildPhase section */
		125B0B7229CC8F7F00C6960D /* Frameworks */ = {
			isa = PBXFrameworksBuildPhase;
			buildActionMask = 2147483647;
			files = (
			);
			runOnlyForDeploymentPostprocessing = 0;
		};
/* End PBXFrameworksBuildPhase section */

/* Begin PBXGroup section */
		125B0B6C29CC8F7F00C6960D = {
			isa = PBXGroup;
			children = (
				125B0B7729CC8F7F00C6960D /* TodoList_SDY */,
				125B0B7629CC8F7F00C6960D /* Products */,
			);
			sourceTree = "<group>";
		};
		125B0B7629CC8F7F00C6960D /* Products */ = {
			isa = PBXGroup;
			children = (
				125B0B7529CC8F7F00C6960D /* TodoList_SDY.app */,
			);
			name = Products;
			sourceTree = "<group>";
		};
		125B0B7729CC8F7F00C6960D /* TodoList_SDY */ = {
			isa = PBXGroup;
			children = (
				125B0B7829CC8F7F00C6960D /* AppDelegate.swift */,
				125B0B7A29CC8F7F00C6960D /* SceneDelegate.swift */,
				125B0B7C29CC8F7F00C6960D /* ViewController.swift */,
				12FCC6B629D1F36E00BC3E5B /* Task.swift */,
				125B0B7E29CC8F7F00C6960D /* Main.storyboard */,
				125B0B8129CC8F8100C6960D /* Assets.xcassets */,
				125B0B8329CC8F8100C6960D /* LaunchScreen.storyboard */,
				125B0B8629CC8F8100C6960D /* Info.plist */,
			);
			path = TodoList_SDY;
			sourceTree = "<group>";
		};
/* End PBXGroup section */

/* Begin PBXNativeTarget section */
		125B0B7429CC8F7F00C6960D /* TodoList_SDY */ = {
			isa = PBXNativeTarget;
			buildConfigurationList = 125B0B8929CC8F8100C6960D /* Build configuration list for PBXNativeTarget "TodoList_SDY" */;
			buildPhases = (
				125B0B7129CC8F7F00C6960D /* Sources */,
				125B0B7229CC8F7F00C6960D /* Frameworks */,
				125B0B7329CC8F7F00C6960D /* Resources */,
			);
			buildRules = (
			);
			dependencies = (
			);
			name = TodoList_SDY;
			productName = TodoList_SDY;
			productReference = 125B0B7529CC8F7F00C6960D /* TodoList_SDY.app */;
			productType = "com.apple.product-type.application";
		};
/* End PBXNativeTarget section */

/* Begin PBXProject section */
		125B0B6D29CC8F7F00C6960D /* Project object */ = {
			isa = PBXProject;
			attributes = {
				BuildIndependentTargetsInParallel = 1;
				LastSwiftUpdateCheck = 1420;
				LastUpgradeCheck = 1420;
				TargetAttributes = {
					125B0B7429CC8F7F00C6960D = {
						CreatedOnToolsVersion = 14.2;
					};
				};
			};
			buildConfigurationList = 125B0B7029CC8F7F00C6960D /* Build configuration list for PBXProject "TodoList_SDY" */;
			compatibilityVersion = "Xcode 14.0";
			developmentRegion = en;
			hasScannedForEncodings = 0;
			knownRegions = (
				en,
				Base,
			);
			mainGroup = 125B0B6C29CC8F7F00C6960D;
			productRefGroup = 125B0B7629CC8F7F00C6960D /* Products */;
			projectDirPath = "";
			projectRoot = "";
			targets = (
				125B0B7429CC8F7F00C6960D /* TodoList_SDY */,
			);
		};
/* End PBXProject section */

/* Begin PBXResourcesBuildPhase section */
		125B0B7329CC8F7F00C6960D /* Resources */ = {
			isa = PBXResourcesBuildPhase;
			buildActionMask = 2147483647;
			files = (
				125B0B8529CC8F8100C6960D /* LaunchScreen.storyboard in Resources */,
				125B0B8229CC8F8100C6960D /* Assets.xcassets in Resources */,
				125B0B8029CC8F7F00C6960D /* Main.storyboard in Resources */,
			);
			runOnlyForDeploymentPostprocessing = 0;
		};
/* End PBXResourcesBuildPhase section */

/* Begin PBXSourcesBuildPhase section */
		125B0B7129CC8F7F00C6960D /* Sources */ = {
			isa = PBXSourcesBuildPhase;
			buildActionMask = 2147483647;
			files = (
				12FCC6B729D1F36E00BC3E5B /* Task.swift in Sources */,
				125B0B7D29CC8F7F00C6960D /* ViewController.swift in Sources */,
				125B0B7929CC8F7F00C6960D /* AppDelegate.swift in Sources */,
				125B0B7B29CC8F7F00C6960D /* SceneDelegate.swift in Sources */,
			);
			runOnlyForDeploymentPostprocessing = 0;
		};
/* End PBXSourcesBuildPhase section */

/* Begin PBXVariantGroup section */
		125B0B7E29CC8F7F00C6960D /* Main.storyboard */ = {
			isa = PBXVariantGroup;
			children = (
				125B0B7F29CC8F7F00C6960D /* Base */,
			);
			name = Main.storyboard;
			sourceTree = "<group>";
		};
		125B0B8329CC8F8100C6960D /* LaunchScreen.storyboard */ = {
			isa = PBXVariantGroup;
			children = (
				125B0B8429CC8F8100C6960D /* Base */,
			);
			name = LaunchScreen.storyboard;
			sourceTree = "<group>";
		};
/* End PBXVariantGroup section */

/* Begin XCBuildConfiguration section */
		125B0B8729CC8F8100C6960D /* Debug */ = {
			isa = XCBuildConfiguration;
			buildSettings = {
				ALWAYS_SEARCH_USER_PATHS = NO;
				CLANG_ANALYZER_NONNULL = YES;
				CLANG_ANALYZER_NUMBER_OBJECT_CONVERSION = YES_AGGRESSIVE;
				CLANG_CXX_LANGUAGE_STANDARD = "gnu++20";
				CLANG_ENABLE_MODULES = YES;
				CLANG_ENABLE_OBJC_ARC = YES;
				CLANG_ENABLE_OBJC_WEAK = YES;
				CLANG_WARN_BLOCK_CAPTURE_AUTORELEASING = YES;
				CLANG_WARN_BOOL_CONVERSION = YES;
				CLANG_WARN_COMMA = YES;
				CLANG_WARN_CONSTANT_CONVERSION = YES;
				CLANG_WARN_DEPRECATED_OBJC_IMPLEMENTATIONS = YES;
				CLANG_WARN_DIRECT_OBJC_ISA_USAGE = YES_ERROR;
				CLANG_WARN_DOCUMENTATION_COMMENTS = YES;
				CLANG_WARN_EMPTY_BODY = YES;
				CLANG_WARN_ENUM_CONVERSION = YES;
				CLANG_WARN_INFINITE_RECURSION = YES;
				CLANG_WARN_INT_CONVERSION = YES;
				CLANG_WARN_NON_LITERAL_NULL_CONVERSION = YES;
				CLANG_WARN_OBJC_IMPLICIT_RETAIN_SELF = YES;
				CLANG_WARN_OBJC_LITERAL_CONVERSION = YES;
				CLANG_WARN_OBJC_ROOT_CLASS = YES_ERROR;
				CLANG_WARN_QUOTED_INCLUDE_IN_FRAMEWORK_HEADER = YES;
				CLANG_WARN_RANGE_LOOP_ANALYSIS = YES;
				CLANG_WARN_STRICT_PROTOTYPES = YES;
				CLANG_WARN_SUSPICIOUS_MOVE = YES;
				CLANG_WARN_UNGUARDED_AVAILABILITY = YES_AGGRESSIVE;
				CLANG_WARN_UNREACHABLE_CODE = YES;
				CLANG_WARN__DUPLICATE_METHOD_MATCH = YES;
				COPY_PHASE_STRIP = NO;
				DEBUG_INFORMATION_FORMAT = dwarf;
				ENABLE_STRICT_OBJC_MSGSEND = YES;
				ENABLE_TESTABILITY = YES;
				GCC_C_LANGUAGE_STANDARD = gnu11;
				GCC_DYNAMIC_NO_PIC = NO;
				GCC_NO_COMMON_BLOCKS = YES;
				GCC_OPTIMIZATION_LEVEL = 0;
				GCC_PREPROCESSOR_DEFINITIONS = (
					"DEBUG=1",
					"$(inherited)",
				);
				GCC_WARN_64_TO_32_BIT_CONVERSION = YES;
				GCC_WARN_ABOUT_RETURN_TYPE = YES_ERROR;
				GCC_WARN_UNDECLARED_SELECTOR = YES;
				GCC_WARN_UNINITIALIZED_AUTOS = YES_AGGRESSIVE;
				GCC_WARN_UNUSED_FUNCTION = YES;
				GCC_WARN_UNUSED_VARIABLE = YES;
				IPHONEOS_DEPLOYMENT_TARGET = 16.2;
				MTL_ENABLE_DEBUG_INFO = INCLUDE_SOURCE;
				MTL_FAST_MATH = YES;
				ONLY_ACTIVE_ARCH = YES;
				SDKROOT = iphoneos;
				SWIFT_ACTIVE_COMPILATION_CONDITIONS = DEBUG;
				SWIFT_OPTIMIZATION_LEVEL = "-Onone";
			};
			name = Debug;
		};
		125B0B8829CC8F8100C6960D /* Release */ = {
			isa = XCBuildConfiguration;
			buildSettings = {
				ALWAYS_SEARCH_USER_PATHS = NO;
				CLANG_ANALYZER_NONNULL = YES;
				CLANG_ANALYZER_NUMBER_OBJECT_CONVERSION = YES_AGGRESSIVE;
				CLANG_CXX_LANGUAGE_STANDARD = "gnu++20";
				CLANG_ENABLE_MODULES = YES;
				CLANG_ENABLE_OBJC_ARC = YES;
				CLANG_ENABLE_OBJC_WEAK = YES;
				CLANG_WARN_BLOCK_CAPTURE_AUTORELEASING = YES;
				CLANG_WARN_BOOL_CONVERSION = YES;
				CLANG_WARN_COMMA = YES;
				CLANG_WARN_CONSTANT_CONVERSION = YES;
				CLANG_WARN_DEPRECATED_OBJC_IMPLEMENTATIONS = YES;
				CLANG_WARN_DIRECT_OBJC_ISA_USAGE = YES_ERROR;
				CLANG_WARN_DOCUMENTATION_COMMENTS = YES;
				CLANG_WARN_EMPTY_BODY = YES;
				CLANG_WARN_ENUM_CONVERSION = YES;
				CLANG_WARN_INFINITE_RECURSION = YES;
				CLANG_WARN_INT_CONVERSION = YES;
				CLANG_WARN_NON_LITERAL_NULL_CONVERSION = YES;
				CLANG_WARN_OBJC_IMPLICIT_RETAIN_SELF = YES;
				CLANG_WARN_OBJC_LITERAL_CONVERSION = YES;
				CLANG_WARN_OBJC_ROOT_CLASS = YES_ERROR;
				CLANG_WARN_QUOTED_INCLUDE_IN_FRAMEWORK_HEADER = YES;
				CLANG_WARN_RANGE_LOOP_ANALYSIS = YES;
				CLANG_WARN_STRICT_PROTOTYPES = YES;
				CLANG_WARN_SUSPICIOUS_MOVE = YES;
				CLANG_WARN_UNGUARDED_AVAILABILITY = YES_AGGRESSIVE;
				CLANG_WARN_UNREACHABLE_CODE = YES;
				CLANG_WARN__DUPLICATE_METHOD_MATCH = YES;
				COPY_PHASE_STRIP = NO;
				DEBUG_INFORMATION_FORMAT = "dwarf-with-dsym";
				ENABLE_NS_ASSERTIONS = NO;
				ENABLE_STRICT_OBJC_MSGSEND = YES;
				GCC_C_LANGUAGE_STANDARD = gnu11;
				GCC_NO_COMMON_BLOCKS = YES;
				GCC_WARN_64_TO_32_BIT_CONVERSION = YES;
				GCC_WARN_ABOUT_RETURN_TYPE = YES_ERROR;
				GCC_WARN_UNDECLARED_SELECTOR = YES;
				GCC_WARN_UNINITIALIZED_AUTOS = YES_AGGRESSIVE;
				GCC_WARN_UNUSED_FUNCTION = YES;
				GCC_WARN_UNUSED_VARIABLE = YES;
				IPHONEOS_DEPLOYMENT_TARGET = 16.2;
				MTL_ENABLE_DEBUG_INFO = NO;
				MTL_FAST_MATH = YES;
				SDKROOT = iphoneos;
				SWIFT_COMPILATION_MODE = wholemodule;
				SWIFT_OPTIMIZATION_LEVEL = "-O";
				VALIDATE_PRODUCT = YES;
			};
			name = Release;
		};
		125B0B8A29CC8F8100C6960D /* Debug */ = {
			isa = XCBuildConfiguration;
			buildSettings = {
				ASSETCATALOG_COMPILER_APPICON_NAME = AppIcon;
				ASSETCATALOG_COMPILER_GLOBAL_ACCENT_COLOR_NAME = AccentColor;
				CODE_SIGN_STYLE = Automatic;
				CURRENT_PROJECT_VERSION = 1;
				DEVELOPMENT_TEAM = 6YV87RPH2N;
				GENERATE_INFOPLIST_FILE = YES;
				INFOPLIST_FILE = TodoList_SDY/Info.plist;
				INFOPLIST_KEY_UIApplicationSupportsIndirectInputEvents = YES;
				INFOPLIST_KEY_UILaunchStoryboardName = LaunchScreen;
				INFOPLIST_KEY_UIMainStoryboardFile = Main;
				INFOPLIST_KEY_UISupportedInterfaceOrientations_iPad = "UIInterfaceOrientationPortrait UIInterfaceOrientationPortraitUpsideDown UIInterfaceOrientationLandscapeLeft UIInterfaceOrientationLandscapeRight";
				INFOPLIST_KEY_UISupportedInterfaceOrientations_iPhone = "UIInterfaceOrientationPortrait UIInterfaceOrientationLandscapeLeft UIInterfaceOrientationLandscapeRight";
				LD_RUNPATH_SEARCH_PATHS = (
					"$(inherited)",
					"@executable_path/Frameworks",
				);
				MARKETING_VERSION = 1.0;
				PRODUCT_BUNDLE_IDENTIFIER = "sdy.ac.kr.TodoList-SDY";
				PRODUCT_NAME = "$(TARGET_NAME)";
				SWIFT_EMIT_LOC_STRINGS = YES;
				SWIFT_VERSION = 5.0;
				TARGETED_DEVICE_FAMILY = "1,2";
			};
			name = Debug;
		};
		125B0B8B29CC8F8100C6960D /* Release */ = {
			isa = XCBuildConfiguration;
			buildSettings = {
				ASSETCATALOG_COMPILER_APPICON_NAME = AppIcon;
				ASSETCATALOG_COMPILER_GLOBAL_ACCENT_COLOR_NAME = AccentColor;
				CODE_SIGN_STYLE = Automatic;
				CURRENT_PROJECT_VERSION = 1;
				DEVELOPMENT_TEAM = 6YV87RPH2N;
				GENERATE_INFOPLIST_FILE = YES;
				INFOPLIST_FILE = TodoList_SDY/Info.plist;
				INFOPLIST_KEY_UIApplicationSupportsIndirectInputEvents = YES;
				INFOPLIST_KEY_UILaunchStoryboardName = LaunchScreen;
				INFOPLIST_KEY_UIMainStoryboardFile = Main;
				INFOPLIST_KEY_UISupportedInterfaceOrientations_iPad = "UIInterfaceOrientationPortrait UIInterfaceOrientationPortraitUpsideDown UIInterfaceOrientationLandscapeLeft UIInterfaceOrientationLandscapeRight";
				INFOPLIST_KEY_UISupportedInterfaceOrientations_iPhone = "UIInterfaceOrientationPortrait UIInterfaceOrientationLandscapeLeft UIInterfaceOrientationLandscapeRight";
				LD_RUNPATH_SEARCH_PATHS = (
					"$(inherited)",
					"@executable_path/Frameworks",
				);
				MARKETING_VERSION = 1.0;
				PRODUCT_BUNDLE_IDENTIFIER = "sdy.ac.kr.TodoList-SDY";
				PRODUCT_NAME = "$(TARGET_NAME)";
				SWIFT_EMIT_LOC_STRINGS = YES;
				SWIFT_VERSION = 5.0;
				TARGETED_DEVICE_FAMILY = "1,2";
			};
			name = Release;
		};
/* End XCBuildConfiguration section */

/* Begin XCConfigurationList section */
		125B0B7029CC8F7F00C6960D /* Build configuration list for PBXProject "TodoList_SDY" */ = {
			isa = XCConfigurationList;
			buildConfigurations = (
				125B0B8729CC8F8100C6960D /* Debug */,
				125B0B8829CC8F8100C6960D /* Release */,
			);
			defaultConfigurationIsVisible = 0;
			defaultConfigurationName = Release;
		};
		125B0B8929CC8F8100C6960D /* Build configuration list for PBXNativeTarget "TodoList_SDY" */ = {
			isa = XCConfigurationList;
			buildConfigurations = (
				125B0B8A29CC8F8100C6960D /* Debug */,
				125B0B8B29CC8F8100C6960D /* Release */,
			);
			defaultConfigurationIsVisible = 0;
			defaultConfigurationName = Release;
		};
/* End XCConfigurationList section */
	};
	rootObject = 125B0B6D29CC8F7F00C6960D /* Project object */;
}
